# This file is autogenerated, do not edit; changes may be undone by the next 'dep ensure'.


[[projects]]
  digest = "1:cdb899c199f907ac9fb50495ec71212c95cb5b0e0a8ee0800da0238036091033"
  name = "github.com/mattn/go-runewidth"
  packages = ["."]
  pruneopts = "UT"
  revision = "ce7b0b5c7b45a81508558cd1dba6bb1e4ddb51bb"
  version = "v0.0.3"

[[projects]]
  branch = "master"
  digest = "1:f72dd1eea711cd3efdb007cc38b6aebb2b3a63a187a3641d11f0ac6c3143cad5"
  name = "github.com/michaeldv/termbox-go"
  packages = ["."]
  pruneopts = "UT"
  revision = "675ffd907b7401b8a709a5ef2249978af5616bb2"

[[projects]]
  digest = "1:46e76222d7901fadc1c17100a7d594583903c44137a0a2c52728caf1147872dd"
  name = "golang.org/x/text"
  packages = [
    ".",
    "collate",
    "collate/build",
    "encoding",
    "encoding/internal",
    "encoding/internal/identifier",
    "encoding/simplifiedchinese",
    "internal/colltab",
    "internal/gen",
    "internal/tag",
    "internal/triegen",
    "internal/ucd",
    "language",
    "transform",
    "unicode/cldr",
    "unicode/norm",
  ]
  pruneopts = "UT"
  revision = "f21a4dfb5e38f5895301dc265a8def02365cc3d0"
  version = "v0.3.0"

[solve-meta]
  analyzer-name = "dep"
  analyzer-version = 1
  input-imports = [
    "github.com/michaeldv/termbox-go",
    "golang.org/x/text",
    "golang.org/x/text/encoding/simplifiedchinese",
    "golang.org/x/text/transform",
  ]
  solver-name = "gps-cdcl"
  solver-version = 1
